
Microsoft Visual Studio Solution File, Format Version 12.00
# Visual Studio Version 17
VisualStudioVersion = 17.10.35122.118
MinimumVisualStudioVersion = 10.0.40219.1
Project("{9A19103F-16F7-4668-BE54-9A1E7A4F7556}") = "MyToDo", "MyToDo\MyToDo.csproj", "{F6EE0E9B-B3C6-4D68-A64F-CCEC71F2057D}"
EndProject
Project("{FAE04EC0-301F-11D3-BF4B-00C04F79EFBC}") = "MyToDo.Shared", "MyToDo.Shared\MyToDo.Shared.csproj", "{211D7E82-1778-48F8-AE71-28A215096E17}"
EndProject
Project("{2150E333-8FDC-42A3-9474-1A3956D46DE8}") = "Solution Items", "Solution Items", "{ADB5ACFA-C6E3-4444-9AD2-D98E8ED55AAA}"
EndProject
Project("{FAE04EC0-301F-11D3-BF4B-00C04F79EFBC}") = "MyToDo.api", "MyToDo.api\MyToDo.api.csproj", "{F8868A3F-EA67-424F-BF48-2C4FF63EFB87}"
EndProject
Global
	GlobalSection(SolutionConfigurationPlatforms) = preSolution
		Debug|Any CPU = Debug|Any CPU
		Release|Any CPU = Release|Any CPU
	EndGlobalSection
	GlobalSection(ProjectConfigurationPlatforms) = postSolution
		{F6EE0E9B-B3C6-4D68-A64F-CCEC71F2057D}.Debug|Any CPU.ActiveCfg = Debug|Any CPU
		{F6EE0E9B-B3C6-4D68-A64F-CCEC71F2057D}.Debug|Any CPU.Build.0 = Debug|Any CPU
		{F6EE0E9B-B3C6-4D68-A64F-CCEC71F2057D}.Release|Any CPU.ActiveCfg = Release|Any CPU
		{F6EE0E9B-B3C6-4D68-A64F-CCEC71F2057D}.Release|Any CPU.Build.0 = Release|Any CPU
		{211D7E82-1778-48F8-AE71-28A215096E17}.Debug|Any CPU.ActiveCfg = Debug|Any CPU
		{211D7E82-1778-48F8-AE71-28A215096E17}.Debug|Any CPU.Build.0 = Debug|Any CPU
		{211D7E82-1778-48F8-AE71-28A215096E17}.Release|Any CPU.ActiveCfg = Release|Any CPU
		{211D7E82-1778-48F8-AE71-28A215096E17}.Release|Any CPU.Build.0 = Release|Any CPU
		{F8868A3F-EA67-424F-BF48-2C4FF63EFB87}.Debug|Any CPU.ActiveCfg = Debug|Any CPU
		{F8868A3F-EA67-424F-BF48-2C4FF63EFB87}.Debug|Any CPU.Build.0 = Debug|Any CPU
		{F8868A3F-EA67-424F-BF48-2C4FF63EFB87}.Release|Any CPU.ActiveCfg = Release|Any CPU
		{F8868A3F-EA67-424F-BF48-2C4FF63EFB87}.Release|Any CPU.Build.0 = Release|Any CPU
	EndGlobalSection
	GlobalSection(SolutionProperties) = preSolution
		HideSolutionNode = FALSE
	EndGlobalSection
	GlobalSection(ExtensibilityGlobals) = postSolution
		SolutionGuid = {C68B726E-E8CD-45EF-833F-741BABEFCF7F}
	EndGlobalSection
EndGlobal
